
Microsoft Visual Studio Solution File, Format Version 12.00
# Visual Studio Version 17
VisualStudioVersion = 17.13.35931.197
MinimumVisualStudioVersion = 10.0.40219.1
Project("{2150E333-8FDC-42A3-9474-1A3956D46DE8}") = "src", "src", "{36D591C7-65C7-A0D1-1CBC-10CDE441BDC8}"
EndProject
Project("{2150E333-8FDC-42A3-9474-1A3956D46DE8}") = "Application", "Application", "{21996172-B40E-4ED6-A654-3BC920DC83C0}"
EndProject
Project("{2150E333-8FDC-42A3-9474-1A3956D46DE8}") = "Contracts", "Contracts", "{9F237E57-BFBB-4D5F-8320-C88287588E8A}"
EndProject
Project("{2150E333-8FDC-42A3-9474-1A3956D46DE8}") = "Domain", "Domain", "{03C76ABC-35BF-48F0-8265-FF023004F790}"
EndProject
Project("{2150E333-8FDC-42A3-9474-1A3956D46DE8}") = "Hosts", "Hosts", "{0F15371E-E643-40B5-AA6E-B28665F02B31}"
EndProject
Project("{2150E333-8FDC-42A3-9474-1A3956D46DE8}") = "Infrastructure", "Infrastructure", "{D7230D6A-F131-49AF-A69C-363188853A32}"
EndProject
Project("{FAE04EC0-301F-11D3-BF4B-00C04F79EFBC}") = "Board.Hosts.Api", "src\Hosts\Board.Hosts.Api\Board.Hosts.Api.csproj", "{EE071186-4031-4D4B-ACF1-005F28715C4A}"
EndProject
Project("{FAE04EC0-301F-11D3-BF4B-00C04F79EFBC}") = "Board.Domain", "src\Domain\Board.Domain\Board.Domain.csproj", "{25DD402C-12A6-4242-B448-19909D68A509}"
EndProject
Project("{FAE04EC0-301F-11D3-BF4B-00C04F79EFBC}") = "Board.Contracts", "src\Contracts\Board.Contracts\Board.Contracts.csproj", "{AE7A133D-6D42-4906-9AE4-FE3E17792152}"
EndProject
Global
	GlobalSection(SolutionConfigurationPlatforms) = preSolution
		Debug|Any CPU = Debug|Any CPU
		Release|Any CPU = Release|Any CPU
	EndGlobalSection
	GlobalSection(ProjectConfigurationPlatforms) = postSolution
		{EE071186-4031-4D4B-ACF1-005F28715C4A}.Debug|Any CPU.ActiveCfg = Debug|Any CPU
		{EE071186-4031-4D4B-ACF1-005F28715C4A}.Debug|Any CPU.Build.0 = Debug|Any CPU
		{EE071186-4031-4D4B-ACF1-005F28715C4A}.Release|Any CPU.ActiveCfg = Release|Any CPU
		{EE071186-4031-4D4B-ACF1-005F28715C4A}.Release|Any CPU.Build.0 = Release|Any CPU
		{25DD402C-12A6-4242-B448-19909D68A509}.Debug|Any CPU.ActiveCfg = Debug|Any CPU
		{25DD402C-12A6-4242-B448-19909D68A509}.Debug|Any CPU.Build.0 = Debug|Any CPU
		{25DD402C-12A6-4242-B448-19909D68A509}.Release|Any CPU.ActiveCfg = Release|Any CPU
		{25DD402C-12A6-4242-B448-19909D68A509}.Release|Any CPU.Build.0 = Release|Any CPU
		{AE7A133D-6D42-4906-9AE4-FE3E17792152}.Debug|Any CPU.ActiveCfg = Debug|Any CPU
		{AE7A133D-6D42-4906-9AE4-FE3E17792152}.Debug|Any CPU.Build.0 = Debug|Any CPU
		{AE7A133D-6D42-4906-9AE4-FE3E17792152}.Release|Any CPU.ActiveCfg = Release|Any CPU
		{AE7A133D-6D42-4906-9AE4-FE3E17792152}.Release|Any CPU.Build.0 = Release|Any CPU
	EndGlobalSection
	GlobalSection(SolutionProperties) = preSolution
		HideSolutionNode = FALSE
	EndGlobalSection
	GlobalSection(NestedProjects) = preSolution
		{21996172-B40E-4ED6-A654-3BC920DC83C0} = {36D591C7-65C7-A0D1-1CBC-10CDE441BDC8}
		{9F237E57-BFBB-4D5F-8320-C88287588E8A} = {36D591C7-65C7-A0D1-1CBC-10CDE441BDC8}
		{03C76ABC-35BF-48F0-8265-FF023004F790} = {36D591C7-65C7-A0D1-1CBC-10CDE441BDC8}
		{0F15371E-E643-40B5-AA6E-B28665F02B31} = {36D591C7-65C7-A0D1-1CBC-10CDE441BDC8}
		{D7230D6A-F131-49AF-A69C-363188853A32} = {36D591C7-65C7-A0D1-1CBC-10CDE441BDC8}
		{EE071186-4031-4D4B-ACF1-005F28715C4A} = {0F15371E-E643-40B5-AA6E-B28665F02B31}
		{25DD402C-12A6-4242-B448-19909D68A509} = {03C76ABC-35BF-48F0-8265-FF023004F790}
		{AE7A133D-6D42-4906-9AE4-FE3E17792152} = {9F237E57-BFBB-4D5F-8320-C88287588E8A}
	EndGlobalSection
	GlobalSection(ExtensibilityGlobals) = postSolution
		SolutionGuid = {6216B2F3-22AC-4D75-A5D8-9FEDB2538804}
	EndGlobalSection
EndGlobal
