
Microsoft Visual Studio Solution File, Format Version 12.00
# Visual Studio Version 17
VisualStudioVersion = 17.13.35931.197
MinimumVisualStudioVersion = 10.0.40219.1
Project("{2150E333-8FDC-42A3-9474-1A3956D46DE8}") = "src", "src", "{36D591C7-65C7-A0D1-1CBC-10CDE441BDC8}"
EndProject
Project("{2150E333-8FDC-42A3-9474-1A3956D46DE8}") = "Application", "Application", "{AE440EEA-7AE2-4A82-99B3-81F8E9DFBC6C}"
EndProject
Project("{2150E333-8FDC-42A3-9474-1A3956D46DE8}") = "Contracts", "Contracts", "{61926DD9-C232-453C-B181-94729ABCA7D2}"
EndProject
Project("{2150E333-8FDC-42A3-9474-1A3956D46DE8}") = "Domain", "Domain", "{2DC305B3-D8AB-4F4E-AF1F-EBAEFB9682EA}"
EndProject
Project("{2150E333-8FDC-42A3-9474-1A3956D46DE8}") = "Hosts", "Hosts", "{33924A50-1DF5-4EB5-A8AF-12F72DD4139C}"
EndProject
Project("{2150E333-8FDC-42A3-9474-1A3956D46DE8}") = "Infrastructure", "Infrastructure", "{A34D1F24-E888-47C3-81BE-CE23F7B32C35}"
EndProject
Global
	GlobalSection(SolutionProperties) = preSolution
		HideSolutionNode = FALSE
	EndGlobalSection
	GlobalSection(NestedProjects) = preSolution
		{AE440EEA-7AE2-4A82-99B3-81F8E9DFBC6C} = {36D591C7-65C7-A0D1-1CBC-10CDE441BDC8}
		{61926DD9-C232-453C-B181-94729ABCA7D2} = {36D591C7-65C7-A0D1-1CBC-10CDE441BDC8}
		{2DC305B3-D8AB-4F4E-AF1F-EBAEFB9682EA} = {36D591C7-65C7-A0D1-1CBC-10CDE441BDC8}
		{33924A50-1DF5-4EB5-A8AF-12F72DD4139C} = {36D591C7-65C7-A0D1-1CBC-10CDE441BDC8}
		{A34D1F24-E888-47C3-81BE-CE23F7B32C35} = {36D591C7-65C7-A0D1-1CBC-10CDE441BDC8}
	EndGlobalSection
	GlobalSection(ExtensibilityGlobals) = postSolution
		SolutionGuid = {6216B2F3-22AC-4D75-A5D8-9FEDB2538804}
	EndGlobalSection
EndGlobal
